// !$*UTF8*$!
{
	archiveVersion = 1;
	classes = {
	};
	objectVersion = 46;
	objects = {

/* Begin PBXBuildFile section */
		5EFE6E1C1C9D6D7B00AAE66A /* AppDelegate.swift in Sources */ = {isa = PBXBuildFile; fileRef = 5EFE6E1B1C9D6D7B00AAE66A /* AppDelegate.swift */; };
		5EFE6E211C9D6D7B00AAE66A /* Main.storyboard in Resources */ = {isa = PBXBuildFile; fileRef = 5EFE6E1F1C9D6D7B00AAE66A /* Main.storyboard */; };
		5EFE6E231C9D6D7B00AAE66A /* Assets.xcassets in Resources */ = {isa = PBXBuildFile; fileRef = 5EFE6E221C9D6D7B00AAE66A /* Assets.xcassets */; };
		5EFE6E261C9D6D7B00AAE66A /* LaunchScreen.storyboard in Resources */ = {isa = PBXBuildFile; fileRef = 5EFE6E241C9D6D7B00AAE66A /* LaunchScreen.storyboard */; };
		5EFE6E311C9D6D7B00AAE66A /* Version1TestTests.swift in Sources */ = {isa = PBXBuildFile; fileRef = 5EFE6E301C9D6D7B00AAE66A /* Version1TestTests.swift */; };
		5EFE6E3C1C9D6D7B00AAE66A /* Version1TestUITests.swift in Sources */ = {isa = PBXBuildFile; fileRef = 5EFE6E3B1C9D6D7B00AAE66A /* Version1TestUITests.swift */; };
		5EFF32C41C9D732500B9C715 /* BaseService.swift in Sources */ = {isa = PBXBuildFile; fileRef = 5EFF32C31C9D732500B9C715 /* BaseService.swift */; settings = {ASSET_TAGS = (); }; };
		5EFF32C61C9D779700B9C715 /* LoginViewController.swift in Sources */ = {isa = PBXBuildFile; fileRef = 5EFF32C51C9D779700B9C715 /* LoginViewController.swift */; settings = {ASSET_TAGS = (); }; };
		5EFF32C81C9D77AE00B9C715 /* CreateAccountViewController.swift in Sources */ = {isa = PBXBuildFile; fileRef = 5EFF32C71C9D77AE00B9C715 /* CreateAccountViewController.swift */; settings = {ASSET_TAGS = (); }; };
		6C39ADEC0FFFEA68E944EB39 /* Pods.framework in Frameworks */ = {isa = PBXBuildFile; fileRef = A8C06BDCCF2DF9836DA913CC /* Pods.framework */; };
/* End PBXBuildFile section */

/* Begin PBXContainerItemProxy section */
		5EFE6E2D1C9D6D7B00AAE66A /* PBXContainerItemProxy */ = {
			isa = PBXContainerItemProxy;
			containerPortal = 5EFE6E101C9D6D7B00AAE66A /* Project object */;
			proxyType = 1;
			remoteGlobalIDString = 5EFE6E171C9D6D7B00AAE66A;
			remoteInfo = Version1Test;
		};
		5EFE6E381C9D6D7B00AAE66A /* PBXContainerItemProxy */ = {
			isa = PBXContainerItemProxy;
			containerPortal = 5EFE6E101C9D6D7B00AAE66A /* Project object */;
			proxyType = 1;
			remoteGlobalIDString = 5EFE6E171C9D6D7B00AAE66A;
			remoteInfo = Version1Test;
		};
/* End PBXContainerItemProxy section */

/* Begin PBXFileReference section */
		5EFE6E181C9D6D7B00AAE66A /* Version1Test.app */ = {isa = PBXFileReference; explicitFileType = wrapper.application; includeInIndex = 0; path = Version1Test.app; sourceTree = BUILT_PRODUCTS_DIR; };
		5EFE6E1B1C9D6D7B00AAE66A /* AppDelegate.swift */ = {isa = PBXFileReference; lastKnownFileType = sourcecode.swift; path = AppDelegate.swift; sourceTree = "<group>"; };
		5EFE6E201C9D6D7B00AAE66A /* Base */ = {isa = PBXFileReference; lastKnownFileType = file.storyboard; name = Base; path = Base.lproj/Main.storyboard; sourceTree = "<group>"; };
		5EFE6E221C9D6D7B00AAE66A /* Assets.xcassets */ = {isa = PBXFileReference; lastKnownFileType = folder.assetcatalog; path = Assets.xcassets; sourceTree = "<group>"; };
		5EFE6E251C9D6D7B00AAE66A /* Base */ = {isa = PBXFileReference; lastKnownFileType = file.storyboard; name = Base; path = Base.lproj/LaunchScreen.storyboard; sourceTree = "<group>"; };
		5EFE6E271C9D6D7B00AAE66A /* Info.plist */ = {isa = PBXFileReference; lastKnownFileType = text.plist.xml; path = Info.plist; sourceTree = "<group>"; };
		5EFE6E2C1C9D6D7B00AAE66A /* Version1TestTests.xctest */ = {isa = PBXFileReference; explicitFileType = wrapper.cfbundle; includeInIndex = 0; path = Version1TestTests.xctest; sourceTree = BUILT_PRODUCTS_DIR; };
		5EFE6E301C9D6D7B00AAE66A /* Version1TestTests.swift */ = {isa = PBXFileReference; lastKnownFileType = sourcecode.swift; path = Version1TestTests.swift; sourceTree = "<group>"; };
		5EFE6E321C9D6D7B00AAE66A /* Info.plist */ = {isa = PBXFileReference; lastKnownFileType = text.plist.xml; path = Info.plist; sourceTree = "<group>"; };
		5EFE6E371C9D6D7B00AAE66A /* Version1TestUITests.xctest */ = {isa = PBXFileReference; explicitFileType = wrapper.cfbundle; includeInIndex = 0; path = Version1TestUITests.xctest; sourceTree = BUILT_PRODUCTS_DIR; };
		5EFE6E3B1C9D6D7B00AAE66A /* Version1TestUITests.swift */ = {isa = PBXFileReference; lastKnownFileType = sourcecode.swift; path = Version1TestUITests.swift; sourceTree = "<group>"; };
		5EFE6E3D1C9D6D7B00AAE66A /* Info.plist */ = {isa = PBXFileReference; lastKnownFileType = text.plist.xml; path = Info.plist; sourceTree = "<group>"; };
		5EFF32C31C9D732500B9C715 /* BaseService.swift */ = {isa = PBXFileReference; fileEncoding = 4; lastKnownFileType = sourcecode.swift; path = BaseService.swift; sourceTree = "<group>"; };
		5EFF32C51C9D779700B9C715 /* LoginViewController.swift */ = {isa = PBXFileReference; fileEncoding = 4; lastKnownFileType = sourcecode.swift; path = LoginViewController.swift; sourceTree = "<group>"; };
		5EFF32C71C9D77AE00B9C715 /* CreateAccountViewController.swift */ = {isa = PBXFileReference; fileEncoding = 4; lastKnownFileType = sourcecode.swift; path = CreateAccountViewController.swift; sourceTree = "<group>"; };
		64DADED3B40C5A89DA089A4A /* Pods.debug.xcconfig */ = {isa = PBXFileReference; includeInIndex = 1; lastKnownFileType = text.xcconfig; name = Pods.debug.xcconfig; path = "Pods/Target Support Files/Pods/Pods.debug.xcconfig"; sourceTree = "<group>"; };
		A8C06BDCCF2DF9836DA913CC /* Pods.framework */ = {isa = PBXFileReference; explicitFileType = wrapper.framework; includeInIndex = 0; path = Pods.framework; sourceTree = BUILT_PRODUCTS_DIR; };
		F0C98FD76FE958A936857818 /* Pods.release.xcconfig */ = {isa = PBXFileReference; includeInIndex = 1; lastKnownFileType = text.xcconfig; name = Pods.release.xcconfig; path = "Pods/Target Support Files/Pods/Pods.release.xcconfig"; sourceTree = "<group>"; };
/* End PBXFileReference section */

/* Begin PBXFrameworksBuildPhase section */
		5EFE6E151C9D6D7B00AAE66A /* Frameworks */ = {
			isa = PBXFrameworksBuildPhase;
			buildActionMask = 2147483647;
			files = (
				6C39ADEC0FFFEA68E944EB39 /* Pods.framework in Frameworks */,
			);
			runOnlyForDeploymentPostprocessing = 0;
		};
		5EFE6E291C9D6D7B00AAE66A /* Frameworks */ = {
			isa = PBXFrameworksBuildPhase;
			buildActionMask = 2147483647;
			files = (
			);
			runOnlyForDeploymentPostprocessing = 0;
		};
		5EFE6E341C9D6D7B00AAE66A /* Frameworks */ = {
			isa = PBXFrameworksBuildPhase;
			buildActionMask = 2147483647;
			files = (
			);
			runOnlyForDeploymentPostprocessing = 0;
		};
/* End PBXFrameworksBuildPhase section */

/* Begin PBXGroup section */
		5EFE6E0F1C9D6D7B00AAE66A = {
			isa = PBXGroup;
			children = (
				5EFE6E1A1C9D6D7B00AAE66A /* Version1Test */,
				5EFE6E2F1C9D6D7B00AAE66A /* Version1TestTests */,
				5EFE6E3A1C9D6D7B00AAE66A /* Version1TestUITests */,
				5EFE6E191C9D6D7B00AAE66A /* Products */,
				9685044B1C2195F4C86072B3 /* Pods */,
				9AAB0B63682AC2F561FD05C7 /* Frameworks */,
			);
			sourceTree = "<group>";
		};
		5EFE6E191C9D6D7B00AAE66A /* Products */ = {
			isa = PBXGroup;
			children = (
				5EFE6E181C9D6D7B00AAE66A /* Version1Test.app */,
				5EFE6E2C1C9D6D7B00AAE66A /* Version1TestTests.xctest */,
				5EFE6E371C9D6D7B00AAE66A /* Version1TestUITests.xctest */,
			);
			name = Products;
			sourceTree = "<group>";
		};
		5EFE6E1A1C9D6D7B00AAE66A /* Version1Test */ = {
			isa = PBXGroup;
			children = (
				5EFE6E1B1C9D6D7B00AAE66A /* AppDelegate.swift */,
				5EFF32C31C9D732500B9C715 /* BaseService.swift */,
				5EFF32C51C9D779700B9C715 /* LoginViewController.swift */,
				5EFF32C71C9D77AE00B9C715 /* CreateAccountViewController.swift */,
				5EFE6E1F1C9D6D7B00AAE66A /* Main.storyboard */,
				5EFE6E221C9D6D7B00AAE66A /* Assets.xcassets */,
				5EFE6E241C9D6D7B00AAE66A /* LaunchScreen.storyboard */,
				5EFE6E271C9D6D7B00AAE66A /* Info.plist */,
			);
			path = Version1Test;
			sourceTree = "<group>";
		};
		5EFE6E2F1C9D6D7B00AAE66A /* Version1TestTests */ = {
			isa = PBXGroup;
			children = (
				5EFE6E301C9D6D7B00AAE66A /* Version1TestTests.swift */,
				5EFE6E321C9D6D7B00AAE66A /* Info.plist */,
			);
			path = Version1TestTests;
			sourceTree = "<group>";
		};
		5EFE6E3A1C9D6D7B00AAE66A /* Version1TestUITests */ = {
			isa = PBXGroup;
			children = (
				5EFE6E3B1C9D6D7B00AAE66A /* Version1TestUITests.swift */,
				5EFE6E3D1C9D6D7B00AAE66A /* Info.plist */,
			);
			path = Version1TestUITests;
			sourceTree = "<group>";
		};
		9685044B1C2195F4C86072B3 /* Pods */ = {
			isa = PBXGroup;
			children = (
				64DADED3B40C5A89DA089A4A /* Pods.debug.xcconfig */,
				F0C98FD76FE958A936857818 /* Pods.release.xcconfig */,
			);
			name = Pods;
			sourceTree = "<group>";
		};
		9AAB0B63682AC2F561FD05C7 /* Frameworks */ = {
			isa = PBXGroup;
			children = (
				A8C06BDCCF2DF9836DA913CC /* Pods.framework */,
			);
			name = Frameworks;
			sourceTree = "<group>";
		};
/* End PBXGroup section */

/* Begin PBXNativeTarget section */
		5EFE6E171C9D6D7B00AAE66A /* Version1Test */ = {
			isa = PBXNativeTarget;
			buildConfigurationList = 5EFE6E401C9D6D7B00AAE66A /* Build configuration list for PBXNativeTarget "Version1Test" */;
			buildPhases = (
				36463C73713DC432575ACC83 /* Check Pods Manifest.lock */,
				5EFE6E141C9D6D7B00AAE66A /* Sources */,
				5EFE6E151C9D6D7B00AAE66A /* Frameworks */,
				5EFE6E161C9D6D7B00AAE66A /* Resources */,
				C3BBE4AAE8D97FC617BF251B /* Embed Pods Frameworks */,
				3862ADA583C1613FC7A1EC92 /* Copy Pods Resources */,
			);
			buildRules = (
			);
			dependencies = (
			);
			name = Version1Test;
			productName = Version1Test;
			productReference = 5EFE6E181C9D6D7B00AAE66A /* Version1Test.app */;
			productType = "com.apple.product-type.application";
		};
		5EFE6E2B1C9D6D7B00AAE66A /* Version1TestTests */ = {
			isa = PBXNativeTarget;
			buildConfigurationList = 5EFE6E431C9D6D7B00AAE66A /* Build configuration list for PBXNativeTarget "Version1TestTests" */;
			buildPhases = (
				5EFE6E281C9D6D7B00AAE66A /* Sources */,
				5EFE6E291C9D6D7B00AAE66A /* Frameworks */,
				5EFE6E2A1C9D6D7B00AAE66A /* Resources */,
			);
			buildRules = (
			);
			dependencies = (
				5EFE6E2E1C9D6D7B00AAE66A /* PBXTargetDependency */,
			);
			name = Version1TestTests;
			productName = Version1TestTests;
			productReference = 5EFE6E2C1C9D6D7B00AAE66A /* Version1TestTests.xctest */;
			productType = "com.apple.product-type.bundle.unit-test";
		};
		5EFE6E361C9D6D7B00AAE66A /* Version1TestUITests */ = {
			isa = PBXNativeTarget;
			buildConfigurationList = 5EFE6E461C9D6D7B00AAE66A /* Build configuration list for PBXNativeTarget "Version1TestUITests" */;
			buildPhases = (
				5EFE6E331C9D6D7B00AAE66A /* Sources */,
				5EFE6E341C9D6D7B00AAE66A /* Frameworks */,
				5EFE6E351C9D6D7B00AAE66A /* Resources */,
			);
			buildRules = (
			);
			dependencies = (
				5EFE6E391C9D6D7B00AAE66A /* PBXTargetDependency */,
			);
			name = Version1TestUITests;
			productName = Version1TestUITests;
			productReference = 5EFE6E371C9D6D7B00AAE66A /* Version1TestUITests.xctest */;
			productType = "com.apple.product-type.bundle.ui-testing";
		};
/* End PBXNativeTarget section */

/* Begin PBXProject section */
		5EFE6E101C9D6D7B00AAE66A /* Project object */ = {
			isa = PBXProject;
			attributes = {
				LastUpgradeCheck = 0700;
				ORGANIZATIONNAME = "Shalom Ononuju";
				TargetAttributes = {
					5EFE6E171C9D6D7B00AAE66A = {
						CreatedOnToolsVersion = 7.0.1;
						DevelopmentTeam = ZD7LM36V78;
					};
					5EFE6E2B1C9D6D7B00AAE66A = {
						CreatedOnToolsVersion = 7.0.1;
						DevelopmentTeam = ZD7LM36V78;
						TestTargetID = 5EFE6E171C9D6D7B00AAE66A;
					};
					5EFE6E361C9D6D7B00AAE66A = {
						CreatedOnToolsVersion = 7.0.1;
						DevelopmentTeam = ZD7LM36V78;
						TestTargetID = 5EFE6E171C9D6D7B00AAE66A;
					};
				};
			};
			buildConfigurationList = 5EFE6E131C9D6D7B00AAE66A /* Build configuration list for PBXProject "Version1Test" */;
			compatibilityVersion = "Xcode 3.2";
			developmentRegion = English;
			hasScannedForEncodings = 0;
			knownRegions = (
				en,
				Base,
			);
			mainGroup = 5EFE6E0F1C9D6D7B00AAE66A;
			productRefGroup = 5EFE6E191C9D6D7B00AAE66A /* Products */;
			projectDirPath = "";
			projectRoot = "";
			targets = (
				5EFE6E171C9D6D7B00AAE66A /* Version1Test */,
				5EFE6E2B1C9D6D7B00AAE66A /* Version1TestTests */,
				5EFE6E361C9D6D7B00AAE66A /* Version1TestUITests */,
			);
		};
/* End PBXProject section */

/* Begin PBXResourcesBuildPhase section */
		5EFE6E161C9D6D7B00AAE66A /* Resources */ = {
			isa = PBXResourcesBuildPhase;
			buildActionMask = 2147483647;
			files = (
				5EFE6E261C9D6D7B00AAE66A /* LaunchScreen.storyboard in Resources */,
				5EFE6E231C9D6D7B00AAE66A /* Assets.xcassets in Resources */,
				5EFE6E211C9D6D7B00AAE66A /* Main.storyboard in Resources */,
			);
			runOnlyForDeploymentPostprocessing = 0;
		};
		5EFE6E2A1C9D6D7B00AAE66A /* Resources */ = {
			isa = PBXResourcesBuildPhase;
			buildActionMask = 2147483647;
			files = (
			);
			runOnlyForDeploymentPostprocessing = 0;
		};
		5EFE6E351C9D6D7B00AAE66A /* Resources */ = {
			isa = PBXResourcesBuildPhase;
			buildActionMask = 2147483647;
			files = (
			);
			runOnlyForDeploymentPostprocessing = 0;
		};
/* End PBXResourcesBuildPhase section */

/* Begin PBXShellScriptBuildPhase section */
		36463C73713DC432575ACC83 /* Check Pods Manifest.lock */ = {
			isa = PBXShellScriptBuildPhase;
			buildActionMask = 2147483647;
			files = (
			);
			inputPaths = (
			);
			name = "Check Pods Manifest.lock";
			outputPaths = (
			);
			runOnlyForDeploymentPostprocessing = 0;
			shellPath = /bin/sh;
			shellScript = "diff \"${PODS_ROOT}/../Podfile.lock\" \"${PODS_ROOT}/Manifest.lock\" > /dev/null\nif [[ $? != 0 ]] ; then\n    cat << EOM\nerror: The sandbox is not in sync with the Podfile.lock. Run 'pod install' or update your CocoaPods installation.\nEOM\n    exit 1\nfi\n";
			showEnvVarsInLog = 0;
		};
		3862ADA583C1613FC7A1EC92 /* Copy Pods Resources */ = {
			isa = PBXShellScriptBuildPhase;
			buildActionMask = 2147483647;
			files = (
			);
			inputPaths = (
			);
			name = "Copy Pods Resources";
			outputPaths = (
			);
			runOnlyForDeploymentPostprocessing = 0;
			shellPath = /bin/sh;
			shellScript = "\"${SRCROOT}/Pods/Target Support Files/Pods/Pods-resources.sh\"\n";
			showEnvVarsInLog = 0;
		};
		C3BBE4AAE8D97FC617BF251B /* Embed Pods Frameworks */ = {
			isa = PBXShellScriptBuildPhase;
			buildActionMask = 2147483647;
			files = (
			);
			inputPaths = (
			);
			name = "Embed Pods Frameworks";
			outputPaths = (
			);
			runOnlyForDeploymentPostprocessing = 0;
			shellPath = /bin/sh;
			shellScript = "\"${SRCROOT}/Pods/Target Support Files/Pods/Pods-frameworks.sh\"\n";
			showEnvVarsInLog = 0;
		};
/* End PBXShellScriptBuildPhase section */

/* Begin PBXSourcesBuildPhase section */
		5EFE6E141C9D6D7B00AAE66A /* Sources */ = {
			isa = PBXSourcesBuildPhase;
			buildActionMask = 2147483647;
			files = (
				5EFF32C81C9D77AE00B9C715 /* CreateAccountViewController.swift in Sources */,
				5EFF32C61C9D779700B9C715 /* LoginViewController.swift in Sources */,
				5EFE6E1C1C9D6D7B00AAE66A /* AppDelegate.swift in Sources */,
				5EFF32C41C9D732500B9C715 /* BaseService.swift in Sources */,
			);
			runOnlyForDeploymentPostprocessing = 0;
		};
		5EFE6E281C9D6D7B00AAE66A /* Sources */ = {
			isa = PBXSourcesBuildPhase;
			buildActionMask = 2147483647;
			files = (
				5EFE6E311C9D6D7B00AAE66A /* Version1TestTests.swift in Sources */,
			);
			runOnlyForDeploymentPostprocessing = 0;
		};
		5EFE6E331C9D6D7B00AAE66A /* Sources */ = {
			isa = PBXSourcesBuildPhase;
			buildActionMask = 2147483647;
			files = (
				5EFE6E3C1C9D6D7B00AAE66A /* Version1TestUITests.swift in Sources */,
			);
			runOnlyForDeploymentPostprocessing = 0;
		};
/* End PBXSourcesBuildPhase section */

/* Begin PBXTargetDependency section */
		5EFE6E2E1C9D6D7B00AAE66A /* PBXTargetDependency */ = {
			isa = PBXTargetDependency;
			target = 5EFE6E171C9D6D7B00AAE66A /* Version1Test */;
			targetProxy = 5EFE6E2D1C9D6D7B00AAE66A /* PBXContainerItemProxy */;
		};
		5EFE6E391C9D6D7B00AAE66A /* PBXTargetDependency */ = {
			isa = PBXTargetDependency;
			target = 5EFE6E171C9D6D7B00AAE66A /* Version1Test */;
			targetProxy = 5EFE6E381C9D6D7B00AAE66A /* PBXContainerItemProxy */;
		};
/* End PBXTargetDependency section */

/* Begin PBXVariantGroup section */
		5EFE6E1F1C9D6D7B00AAE66A /* Main.storyboard */ = {
			isa = PBXVariantGroup;
			children = (
				5EFE6E201C9D6D7B00AAE66A /* Base */,
			);
			name = Main.storyboard;
			sourceTree = "<group>";
		};
		5EFE6E241C9D6D7B00AAE66A /* LaunchScreen.storyboard */ = {
			isa = PBXVariantGroup;
			children = (
				5EFE6E251C9D6D7B00AAE66A /* Base */,
			);
			name = LaunchScreen.storyboard;
			sourceTree = "<group>";
		};
/* End PBXVariantGroup section */

/* Begin XCBuildConfiguration section */
		5EFE6E3E1C9D6D7B00AAE66A /* Debug */ = {
			isa = XCBuildConfiguration;
			buildSettings = {
				ALWAYS_SEARCH_USER_PATHS = NO;
				CLANG_CXX_LANGUAGE_STANDARD = "gnu++0x";
				CLANG_CXX_LIBRARY = "libc++";
				CLANG_ENABLE_MODULES = YES;
				CLANG_ENABLE_OBJC_ARC = YES;
				CLANG_WARN_BOOL_CONVERSION = YES;
				CLANG_WARN_CONSTANT_CONVERSION = YES;
				CLANG_WARN_DIRECT_OBJC_ISA_USAGE = YES_ERROR;
				CLANG_WARN_EMPTY_BODY = YES;
				CLANG_WARN_ENUM_CONVERSION = YES;
				CLANG_WARN_INT_CONVERSION = YES;
				CLANG_WARN_OBJC_ROOT_CLASS = YES_ERROR;
				CLANG_WARN_UNREACHABLE_CODE = YES;
				CLANG_WARN__DUPLICATE_METHOD_MATCH = YES;
				"CODE_SIGN_IDENTITY[sdk=iphoneos*]" = "iPhone Developer";
				COPY_PHASE_STRIP = NO;
				DEBUG_INFORMATION_FORMAT = dwarf;
				ENABLE_STRICT_OBJC_MSGSEND = YES;
				ENABLE_TESTABILITY = YES;
				GCC_C_LANGUAGE_STANDARD = gnu99;
				GCC_DYNAMIC_NO_PIC = NO;
				GCC_NO_COMMON_BLOCKS = YES;
				GCC_OPTIMIZATION_LEVEL = 0;
				GCC_PREPROCESSOR_DEFINITIONS = (
					"DEBUG=1",
					"$(inherited)",
				);
				GCC_WARN_64_TO_32_BIT_CONVERSION = YES;
				GCC_WARN_ABOUT_RETURN_TYPE = YES_ERROR;
				GCC_WARN_UNDECLARED_SELECTOR = YES;
				GCC_WARN_UNINITIALIZED_AUTOS = YES_AGGRESSIVE;
				GCC_WARN_UNUSED_FUNCTION = YES;
				GCC_WARN_UNUSED_VARIABLE = YES;
				IPHONEOS_DEPLOYMENT_TARGET = 9.0;
				MTL_ENABLE_DEBUG_INFO = YES;
				ONLY_ACTIVE_ARCH = YES;
				SDKROOT = iphoneos;
				SWIFT_OPTIMIZATION_LEVEL = "-Onone";
			};
			name = Debug;
		};
		5EFE6E3F1C9D6D7B00AAE66A /* Release */ = {
			isa = XCBuildConfiguration;
			buildSettings = {
				ALWAYS_SEARCH_USER_PATHS = NO;
				CLANG_CXX_LANGUAGE_STANDARD = "gnu++0x";
				CLANG_CXX_LIBRARY = "libc++";
				CLANG_ENABLE_MODULES = YES;
				CLANG_ENABLE_OBJC_ARC = YES;
				CLANG_WARN_BOOL_CONVERSION = YES;
				CLANG_WARN_CONSTANT_CONVERSION = YES;
				CLANG_WARN_DIRECT_OBJC_ISA_USAGE = YES_ERROR;
				CLANG_WARN_EMPTY_BODY = YES;
				CLANG_WARN_ENUM_CONVERSION = YES;
				CLANG_WARN_INT_CONVERSION = YES;
				CLANG_WARN_OBJC_ROOT_CLASS = YES_ERROR;
				CLANG_WARN_UNREACHABLE_CODE = YES;
				CLANG_WARN__DUPLICATE_METHOD_MATCH = YES;
				"CODE_SIGN_IDENTITY[sdk=iphoneos*]" = "iPhone Developer";
				COPY_PHASE_STRIP = NO;
				DEBUG_INFORMATION_FORMAT = "dwarf-with-dsym";
				ENABLE_NS_ASSERTIONS = NO;
				ENABLE_STRICT_OBJC_MSGSEND = YES;
				GCC_C_LANGUAGE_STANDARD = gnu99;
				GCC_NO_COMMON_BLOCKS = YES;
				GCC_WARN_64_TO_32_BIT_CONVERSION = YES;
				GCC_WARN_ABOUT_RETURN_TYPE = YES_ERROR;
				GCC_WARN_UNDECLARED_SELECTOR = YES;
				GCC_WARN_UNINITIALIZED_AUTOS = YES_AGGRESSIVE;
				GCC_WARN_UNUSED_FUNCTION = YES;
				GCC_WARN_UNUSED_VARIABLE = YES;
				IPHONEOS_DEPLOYMENT_TARGET = 9.0;
				MTL_ENABLE_DEBUG_INFO = NO;
				SDKROOT = iphoneos;
				VALIDATE_PRODUCT = YES;
			};
			name = Release;
		};
		5EFE6E411C9D6D7B00AAE66A /* Debug */ = {
			isa = XCBuildConfiguration;
			baseConfigurationReference = 64DADED3B40C5A89DA089A4A /* Pods.debug.xcconfig */;
			buildSettings = {
				ASSETCATALOG_COMPILER_APPICON_NAME = AppIcon;
				INFOPLIST_FILE = Version1Test/Info.plist;
				LD_RUNPATH_SEARCH_PATHS = "$(inherited) @executable_path/Frameworks";
				PRODUCT_BUNDLE_IDENTIFIER = shalomononuju.Version1Test;
				PRODUCT_NAME = "$(TARGET_NAME)";
			};
			name = Debug;
		};
		5EFE6E421C9D6D7B00AAE66A /* Release */ = {
			isa = XCBuildConfiguration;
			baseConfigurationReference = F0C98FD76FE958A936857818 /* Pods.release.xcconfig */;
			buildSettings = {
				ASSETCATALOG_COMPILER_APPICON_NAME = AppIcon;
				INFOPLIST_FILE = Version1Test/Info.plist;
				LD_RUNPATH_SEARCH_PATHS = "$(inherited) @executable_path/Frameworks";
				PRODUCT_BUNDLE_IDENTIFIER = shalomononuju.Version1Test;
				PRODUCT_NAME = "$(TARGET_NAME)";
			};
			name = Release;
		};
		5EFE6E441C9D6D7B00AAE66A /* Debug */ = {
			isa = XCBuildConfiguration;
			buildSettings = {
				BUNDLE_LOADER = "$(TEST_HOST)";
				INFOPLIST_FILE = Version1TestTests/Info.plist;
				LD_RUNPATH_SEARCH_PATHS = "$(inherited) @executable_path/Frameworks @loader_path/Frameworks";
				PRODUCT_BUNDLE_IDENTIFIER = shalomononuju.Version1TestTests;
				PRODUCT_NAME = "$(TARGET_NAME)";
				TEST_HOST = "$(BUILT_PRODUCTS_DIR)/Version1Test.app/Version1Test";
			};
			name = Debug;
		};
		5EFE6E451C9D6D7B00AAE66A /* Release */ = {
			isa = XCBuildConfiguration;
			buildSettings = {
				BUNDLE_LOADER = "$(TEST_HOST)";
				INFOPLIST_FILE = Version1TestTests/Info.plist;
				LD_RUNPATH_SEARCH_PATHS = "$(inherited) @executable_path/Frameworks @loader_path/Frameworks";
				PRODUCT_BUNDLE_IDENTIFIER = shalomononuju.Version1TestTests;
				PRODUCT_NAME = "$(TARGET_NAME)";
				TEST_HOST = "$(BUILT_PRODUCTS_DIR)/Version1Test.app/Version1Test";
			};
			name = Release;
		};
		5EFE6E471C9D6D7B00AAE66A /* Debug */ = {
			isa = XCBuildConfiguration;
			buildSettings = {
				INFOPLIST_FILE = Version1TestUITests/Info.plist;
				LD_RUNPATH_SEARCH_PATHS = "$(inherited) @executable_path/Frameworks @loader_path/Frameworks";
				PRODUCT_BUNDLE_IDENTIFIER = shalomononuju.Version1TestUITests;
				PRODUCT_NAME = "$(TARGET_NAME)";
				TEST_TARGET_NAME = Version1Test;
				USES_XCTRUNNER = YES;
			};
			name = Debug;
		};
		5EFE6E481C9D6D7B00AAE66A /* Release */ = {
			isa = XCBuildConfiguration;
			buildSettings = {
				INFOPLIST_FILE = Version1TestUITests/Info.plist;
				LD_RUNPATH_SEARCH_PATHS = "$(inherited) @executable_path/Frameworks @loader_path/Frameworks";
				PRODUCT_BUNDLE_IDENTIFIER = shalomononuju.Version1TestUITests;
				PRODUCT_NAME = "$(TARGET_NAME)";
				TEST_TARGET_NAME = Version1Test;
				USES_XCTRUNNER = YES;
			};
			name = Release;
		};
/* End XCBuildConfiguration section */

/* Begin XCConfigurationList section */
		5EFE6E131C9D6D7B00AAE66A /* Build configuration list for PBXProject "Version1Test" */ = {
			isa = XCConfigurationList;
			buildConfigurations = (
				5EFE6E3E1C9D6D7B00AAE66A /* Debug */,
				5EFE6E3F1C9D6D7B00AAE66A /* Release */,
			);
			defaultConfigurationIsVisible = 0;
			defaultConfigurationName = Release;
		};
		5EFE6E401C9D6D7B00AAE66A /* Build configuration list for PBXNativeTarget "Version1Test" */ = {
			isa = XCConfigurationList;
			buildConfigurations = (
				5EFE6E411C9D6D7B00AAE66A /* Debug */,
				5EFE6E421C9D6D7B00AAE66A /* Release */,
			);
			defaultConfigurationIsVisible = 0;
			defaultConfigurationName = Release;
		};
		5EFE6E431C9D6D7B00AAE66A /* Build configuration list for PBXNativeTarget "Version1TestTests" */ = {
			isa = XCConfigurationList;
			buildConfigurations = (
				5EFE6E441C9D6D7B00AAE66A /* Debug */,
				5EFE6E451C9D6D7B00AAE66A /* Release */,
			);
			defaultConfigurationIsVisible = 0;
			defaultConfigurationName = Release;
		};
		5EFE6E461C9D6D7B00AAE66A /* Build configuration list for PBXNativeTarget "Version1TestUITests" */ = {
			isa = XCConfigurationList;
			buildConfigurations = (
				5EFE6E471C9D6D7B00AAE66A /* Debug */,
				5EFE6E481C9D6D7B00AAE66A /* Release */,
			);
			defaultConfigurationIsVisible = 0;
			defaultConfigurationName = Release;
		};
/* End XCConfigurationList section */
	};
	rootObject = 5EFE6E101C9D6D7B00AAE66A /* Project object */;
}
